# This file is automatically @generated by Poetry 2.1.1 and should not be changed by hand.

[[package]]
name = "click"
version = "8.2.1"
description = "Composable command line interface toolkit"
optional = false
python-versions = ">=3.10"
groups = ["main"]
files = [
    {file = "click-8.2.1-py3-none-any.whl", hash = "sha256:61a3265b914e850b85317d0b3109c7f8cd35a670f963866005d6ef1d5175a12b"},
    {file = "click-8.2.1.tar.gz", hash = "sha256:27c491cc05d968d271d5a1db13e3b5a184636d9d930f148c50b038f0d0646202"},
]

[package.dependencies]
colorama = {version = "*", markers = "platform_system == \"Windows\""}

[[package]]
name = "colorama"
version = "0.4.6"
description = "Cross-platform colored terminal text."
optional = false
python-versions = "!=3.0.*,!=3.1.*,!=3.2.*,!=3.3.*,!=3.4.*,!=3.5.*,!=3.6.*,>=2.7"
groups = ["main"]
markers = "platform_system == \"Windows\""
files = [
    {file = "colorama-0.4.6-py2.py3-none-any.whl", hash = "sha256:4f1d9991f5acc0ca119f9d443620b77f9d6b33703e51011c16baf57afb285fc6"},
    {file = "colorama-0.4.6.tar.gz", hash = "sha256:08695f5cb7ed6e0531a20572697297273c47b8cae5a63ffc6d6ed5c201be6e44"},
]

[[package]]
name = "deprecation"
version = "2.1.0"
description = "A library to handle automated deprecations"
optional = false
python-versions = "*"
groups = ["main"]
files = [
    {file = "deprecation-2.1.0-py2.py3-none-any.whl", hash = "sha256:a10811591210e1fb0e768a8c25517cabeabcba6f0bf96564f8ff45189f90b14a"},
    {file = "deprecation-2.1.0.tar.gz", hash = "sha256:72b3bde64e5d778694b0cf68178aed03d15e15477116add3fb773e581f9518ff"},
]

[package.dependencies]
packaging = "*"

[[package]]
name = "infix"
version = "1.2"
description = "Infix operators for Python"
optional = false
python-versions = "*"
groups = ["main"]
files = [
    {file = "infix-1.2-py3-none-any.whl", hash = "sha256:4bcd1fb402932e46dea7d440a280eda0e6f2510aa683b0808a39902281551649"},
    {file = "infix-1.2.tar.gz", hash = "sha256:a1bfdcf875bc072f41e426d0673f2e3017750743bb90cc725fffb292eb09648c"},
]

[[package]]
name = "packaging"
version = "24.1"
description = "Core utilities for Python packages"
optional = false
python-versions = ">=3.8"
groups = ["main"]
files = [
    {file = "packaging-24.1-py3-none-any.whl", hash = "sha256:5b8f2217dbdbd2f7f384c41c628544e6d52f2d0f53c6d0c3ea61aa5d1d7ff124"},
    {file = "packaging-24.1.tar.gz", hash = "sha256:026ed72c8ed3fcce5bf8950572258698927fd1dbda10a5e981cdf0ac37f4f002"},
]

[[package]]
name = "peak-utility"
version = "0.7.0"
description = "A library of utilities, created by peaky76"
optional = false
python-versions = "<4.0,>=3.8"
groups = ["main"]
files = [
    {file = "peak_utility-0.7.0-py3-none-any.whl", hash = "sha256:51a6ab3b5b3a1c39b144ccb908db6e80ac072d91ce5f4f64b3b3554affa02b16"},
    {file = "peak_utility-0.7.0.tar.gz", hash = "sha256:e7fcc0e9475c0aaefbd456ccaa1dc0eead1b080fdecc5797d281268681898e4d"},
]

[package.dependencies]
deprecation = ">=2.1.0,<3.0.0"
infix = ">=1.2,<2.0"

[[package]]
name = "pybet"
version = "0.8.4"
description = "A library of betting utilities to assist with calculation of bets, stakes and markets"
optional = false
python-versions = "<4.0,>=3.11"
groups = ["main"]
files = [
    {file = "pybet-0.8.4-py3-none-any.whl", hash = "sha256:ff75e493746bdc834fd7eefabda5a4ea3f161e0c5bfe03faed93f5af7fae934e"},
    {file = "pybet-0.8.4.tar.gz", hash = "sha256:310a5ae596c58fc0592e305006e576c7e77572094ad8903a12b0d031a43c23fe"},
]

[package.dependencies]
peak-utility = ">=0.7.0,<0.8.0"

[metadata]
lock-version = "2.1"
python-versions = "^3.11"
content-hash = "bb5687417dc852a86670f07628212cfe8d4d1e0da287eaf31bf8f7e3d3de2aef"
